
Microsoft Visual Studio Solution File, Format Version 12.00
# Visual Studio Version 16
VisualStudioVersion = 16.0.31105.61
MinimumVisualStudioVersion = 10.0.40219.1
Project("{FAE04EC0-301F-11D3-BF4B-00C04F79EFBC}") = "DesingPatternsStudies", "DesingPatternsStudies\DesingPatternsStudies.csproj", "{4FE24B97-4B90-4DEE-817C-9FCF853CD361}"
EndProject
Project("{FAE04EC0-301F-11D3-BF4B-00C04F79EFBC}") = "RulesEnginePattern", "RulesEnginePattern\RulesEnginePattern.csproj", "{FB4EF659-5F73-4727-ABD4-C2A065A55CC4}"
EndProject
Global
	GlobalSection(SolutionConfigurationPlatforms) = preSolution
		Debug|Any CPU = Debug|Any CPU
		Release|Any CPU = Release|Any CPU
	EndGlobalSection
	GlobalSection(ProjectConfigurationPlatforms) = postSolution
		{4FE24B97-4B90-4DEE-817C-9FCF853CD361}.Debug|Any CPU.ActiveCfg = Debug|Any CPU
		{4FE24B97-4B90-4DEE-817C-9FCF853CD361}.Debug|Any CPU.Build.0 = Debug|Any CPU
		{4FE24B97-4B90-4DEE-817C-9FCF853CD361}.Release|Any CPU.ActiveCfg = Release|Any CPU
		{4FE24B97-4B90-4DEE-817C-9FCF853CD361}.Release|Any CPU.Build.0 = Release|Any CPU
		{FB4EF659-5F73-4727-ABD4-C2A065A55CC4}.Debug|Any CPU.ActiveCfg = Debug|Any CPU
		{FB4EF659-5F73-4727-ABD4-C2A065A55CC4}.Debug|Any CPU.Build.0 = Debug|Any CPU
		{FB4EF659-5F73-4727-ABD4-C2A065A55CC4}.Release|Any CPU.ActiveCfg = Release|Any CPU
		{FB4EF659-5F73-4727-ABD4-C2A065A55CC4}.Release|Any CPU.Build.0 = Release|Any CPU
	EndGlobalSection
	GlobalSection(SolutionProperties) = preSolution
		HideSolutionNode = FALSE
	EndGlobalSection
	GlobalSection(ExtensibilityGlobals) = postSolution
		SolutionGuid = {434C2205-BCD4-43AA-9F16-5BCBEF0EE826}
	EndGlobalSection
EndGlobal
